
Microsoft Visual Studio Solution File, Format Version 12.00
# Visual Studio Version 17
VisualStudioVersion = 17.5.33516.290
MinimumVisualStudioVersion = 10.0.40219.1
Project("{FAE04EC0-301F-11D3-BF4B-00C04F79EFBC}") = "Week14OOP", "Week14OOP\Week14OOP.csproj", "{3CDA8665-8727-4283-92A2-E61032644145}"
EndProject
Global
	GlobalSection(SolutionConfigurationPlatforms) = preSolution
		Debug|Any CPU = Debug|Any CPU
		Release|Any CPU = Release|Any CPU
	EndGlobalSection
	GlobalSection(ProjectConfigurationPlatforms) = postSolution
		{3CDA8665-8727-4283-92A2-E61032644145}.Debug|Any CPU.ActiveCfg = Debug|Any CPU
		{3CDA8665-8727-4283-92A2-E61032644145}.Debug|Any CPU.Build.0 = Debug|Any CPU
		{3CDA8665-8727-4283-92A2-E61032644145}.Release|Any CPU.ActiveCfg = Release|Any CPU
		{3CDA8665-8727-4283-92A2-E61032644145}.Release|Any CPU.Build.0 = Release|Any CPU
	EndGlobalSection
	GlobalSection(SolutionProperties) = preSolution
		HideSolutionNode = FALSE
	EndGlobalSection
	GlobalSection(ExtensibilityGlobals) = postSolution
		SolutionGuid = {C0639A6E-4ADF-4432-9F03-C4E3D67C439C}
	EndGlobalSection
EndGlobal
